
Microsoft Visual Studio Solution File, Format Version 12.00
# Visual Studio Version 16
VisualStudioVersion = 16.0.29424.173
MinimumVisualStudioVersion = 10.0.40219.1
Project("{FAE04EC0-301F-11D3-BF4B-00C04F79EFBC}") = "Web", "Web\Web.csproj", "{2ED23D2D-A243-4119-B5D2-A5FA24C105BE}"
EndProject
Project("{FAE04EC0-301F-11D3-BF4B-00C04F79EFBC}") = "DataAccess", "DataAccess\DataAccess.csproj", "{6AFFA423-1554-427F-999A-1090AA351E23}"
EndProject
Global
	GlobalSection(SolutionConfigurationPlatforms) = preSolution
		Debug|Any CPU = Debug|Any CPU
		Release|Any CPU = Release|Any CPU
	EndGlobalSection
	GlobalSection(ProjectConfigurationPlatforms) = postSolution
		{2ED23D2D-A243-4119-B5D2-A5FA24C105BE}.Debug|Any CPU.ActiveCfg = Debug|Any CPU
		{2ED23D2D-A243-4119-B5D2-A5FA24C105BE}.Debug|Any CPU.Build.0 = Debug|Any CPU
		{2ED23D2D-A243-4119-B5D2-A5FA24C105BE}.Release|Any CPU.ActiveCfg = Release|Any CPU
		{2ED23D2D-A243-4119-B5D2-A5FA24C105BE}.Release|Any CPU.Build.0 = Release|Any CPU
		{6AFFA423-1554-427F-999A-1090AA351E23}.Debug|Any CPU.ActiveCfg = Debug|Any CPU
		{6AFFA423-1554-427F-999A-1090AA351E23}.Debug|Any CPU.Build.0 = Debug|Any CPU
		{6AFFA423-1554-427F-999A-1090AA351E23}.Release|Any CPU.ActiveCfg = Release|Any CPU
		{6AFFA423-1554-427F-999A-1090AA351E23}.Release|Any CPU.Build.0 = Release|Any CPU
	EndGlobalSection
	GlobalSection(SolutionProperties) = preSolution
		HideSolutionNode = FALSE
	EndGlobalSection
	GlobalSection(ExtensibilityGlobals) = postSolution
		SolutionGuid = {476D3543-C16B-46AA-8077-11C2C5AAF5F0}
	EndGlobalSection
EndGlobal
